// !$*UTF8*$!
{
	archiveVersion = 1;
	classes = {
	};
	objectVersion = 56;
	objects = {

/* Begin PBXBuildFile section */
		3765AEAD2BD2AA6000E9E4C2 /* MainTabBarController.swift in Sources */ = {isa = PBXBuildFile; fileRef = 3765AEAC2BD2AA6000E9E4C2 /* MainTabBarController.swift */; };
		3765AEAF2BD2ADE200E9E4C2 /* MoreVC.swift in Sources */ = {isa = PBXBuildFile; fileRef = 3765AEAE2BD2ADE200E9E4C2 /* MoreVC.swift */; };
		3765AEB12BD2AE2D00E9E4C2 /* MoveMoneyVC.swift in Sources */ = {isa = PBXBuildFile; fileRef = 3765AEB02BD2AE2D00E9E4C2 /* MoveMoneyVC.swift */; };
		3765AEB72BD2C0D900E9E4C2 /* HeaderView.swift in Sources */ = {isa = PBXBuildFile; fileRef = 3765AEB62BD2C0D900E9E4C2 /* HeaderView.swift */; };
		377404252BD15BF400861342 /* SnapKit in Frameworks */ = {isa = PBXBuildFile; productRef = 377404242BD15BF400861342 /* SnapKit */; };
		3774042D2BD15E2E00861342 /* LoginView.swift in Sources */ = {isa = PBXBuildFile; fileRef = 3774042C2BD15E2E00861342 /* LoginView.swift */; };
		3774042F2BD1794F00861342 /* WalkthroughVC.swift in Sources */ = {isa = PBXBuildFile; fileRef = 3774042E2BD1794F00861342 /* WalkthroughVC.swift */; };
		377404312BD179CA00861342 /* AccountSummaryVC.swift in Sources */ = {isa = PBXBuildFile; fileRef = 377404302BD179CA00861342 /* AccountSummaryVC.swift */; };
		378B43562BCFFF3600AD75CE /* AppDelegate.swift in Sources */ = {isa = PBXBuildFile; fileRef = 378B43552BCFFF3600AD75CE /* AppDelegate.swift */; };
		378B43582BCFFF3600AD75CE /* SceneDelegate.swift in Sources */ = {isa = PBXBuildFile; fileRef = 378B43572BCFFF3600AD75CE /* SceneDelegate.swift */; };
		378B435A2BCFFF3600AD75CE /* LoginVC.swift in Sources */ = {isa = PBXBuildFile; fileRef = 378B43592BCFFF3600AD75CE /* LoginVC.swift */; };
		378B435F2BCFFF3700AD75CE /* Assets.xcassets in Resources */ = {isa = PBXBuildFile; fileRef = 378B435E2BCFFF3700AD75CE /* Assets.xcassets */; };
		378B43622BCFFF3700AD75CE /* LaunchScreen.storyboard in Resources */ = {isa = PBXBuildFile; fileRef = 378B43602BCFFF3700AD75CE /* LaunchScreen.storyboard */; };
/* End PBXBuildFile section */

/* Begin PBXFileReference section */
		3765AEAC2BD2AA6000E9E4C2 /* MainTabBarController.swift */ = {isa = PBXFileReference; lastKnownFileType = sourcecode.swift; path = MainTabBarController.swift; sourceTree = "<group>"; };
		3765AEAE2BD2ADE200E9E4C2 /* MoreVC.swift */ = {isa = PBXFileReference; lastKnownFileType = sourcecode.swift; name = MoreVC.swift; path = ../../../../../.Trash/Bankey/Bankey/Controller/MoreVC.swift; sourceTree = "<group>"; };
		3765AEB02BD2AE2D00E9E4C2 /* MoveMoneyVC.swift */ = {isa = PBXFileReference; lastKnownFileType = sourcecode.swift; name = MoveMoneyVC.swift; path = ../../../../../.Trash/Bankey/Bankey/Controller/MoveMoneyVC.swift; sourceTree = "<group>"; };
		3765AEB62BD2C0D900E9E4C2 /* HeaderView.swift */ = {isa = PBXFileReference; lastKnownFileType = sourcecode.swift; path = HeaderView.swift; sourceTree = "<group>"; };
		3774042C2BD15E2E00861342 /* LoginView.swift */ = {isa = PBXFileReference; lastKnownFileType = sourcecode.swift; path = LoginView.swift; sourceTree = "<group>"; };
		3774042E2BD1794F00861342 /* WalkthroughVC.swift */ = {isa = PBXFileReference; lastKnownFileType = sourcecode.swift; path = WalkthroughVC.swift; sourceTree = "<group>"; };
		377404302BD179CA00861342 /* AccountSummaryVC.swift */ = {isa = PBXFileReference; lastKnownFileType = sourcecode.swift; path = AccountSummaryVC.swift; sourceTree = "<group>"; };
		378B43522BCFFF3600AD75CE /* Bankey.app */ = {isa = PBXFileReference; explicitFileType = wrapper.application; includeInIndex = 0; path = Bankey.app; sourceTree = BUILT_PRODUCTS_DIR; };
		378B43552BCFFF3600AD75CE /* AppDelegate.swift */ = {isa = PBXFileReference; lastKnownFileType = sourcecode.swift; path = AppDelegate.swift; sourceTree = "<group>"; };
		378B43572BCFFF3600AD75CE /* SceneDelegate.swift */ = {isa = PBXFileReference; lastKnownFileType = sourcecode.swift; path = SceneDelegate.swift; sourceTree = "<group>"; };
		378B43592BCFFF3600AD75CE /* LoginVC.swift */ = {isa = PBXFileReference; lastKnownFileType = sourcecode.swift; path = LoginVC.swift; sourceTree = "<group>"; };
		378B435E2BCFFF3700AD75CE /* Assets.xcassets */ = {isa = PBXFileReference; lastKnownFileType = folder.assetcatalog; path = Assets.xcassets; sourceTree = "<group>"; };
		378B43612BCFFF3700AD75CE /* Base */ = {isa = PBXFileReference; lastKnownFileType = file.storyboard; name = Base; path = Base.lproj/LaunchScreen.storyboard; sourceTree = "<group>"; };
		378B43632BCFFF3700AD75CE /* Info.plist */ = {isa = PBXFileReference; lastKnownFileType = text.plist.xml; path = Info.plist; sourceTree = "<group>"; };
/* End PBXFileReference section */

/* Begin PBXFrameworksBuildPhase section */
		378B434F2BCFFF3600AD75CE /* Frameworks */ = {
			isa = PBXFrameworksBuildPhase;
			buildActionMask = 2147483647;
			files = (
				377404252BD15BF400861342 /* SnapKit in Frameworks */,
			);
			runOnlyForDeploymentPostprocessing = 0;
		};
/* End PBXFrameworksBuildPhase section */

/* Begin PBXGroup section */
		377404262BD15C8A00861342 /* App */ = {
			isa = PBXGroup;
			children = (
				378B43552BCFFF3600AD75CE /* AppDelegate.swift */,
				378B43572BCFFF3600AD75CE /* SceneDelegate.swift */,
				378B435E2BCFFF3700AD75CE /* Assets.xcassets */,
				378B43602BCFFF3700AD75CE /* LaunchScreen.storyboard */,
			);
			path = App;
			sourceTree = "<group>";
		};
		377404272BD15C9500861342 /* Controller */ = {
			isa = PBXGroup;
			children = (
				377404302BD179CA00861342 /* AccountSummaryVC.swift */,
				3765AEAE2BD2ADE200E9E4C2 /* MoreVC.swift */,
				378B43592BCFFF3600AD75CE /* LoginVC.swift */,
				3765AEAC2BD2AA6000E9E4C2 /* MainTabBarController.swift */,
				3765AEB02BD2AE2D00E9E4C2 /* MoveMoneyVC.swift */,
				3774042E2BD1794F00861342 /* WalkthroughVC.swift */,
			);
			path = Controller;
			sourceTree = "<group>";
		};
		377404282BD15C9A00861342 /* View */ = {
			isa = PBXGroup;
			children = (
				3774042C2BD15E2E00861342 /* LoginView.swift */,
				3765AEB62BD2C0D900E9E4C2 /* HeaderView.swift */,
			);
			path = View;
			sourceTree = "<group>";
		};
		378B43492BCFFF3600AD75CE = {
			isa = PBXGroup;
			children = (
				378B43542BCFFF3600AD75CE /* Bankey */,
				378B43532BCFFF3600AD75CE /* Products */,
			);
			sourceTree = "<group>";
		};
		378B43532BCFFF3600AD75CE /* Products */ = {
			isa = PBXGroup;
			children = (
				378B43522BCFFF3600AD75CE /* Bankey.app */,
			);
			name = Products;
			sourceTree = "<group>";
		};
		378B43542BCFFF3600AD75CE /* Bankey */ = {
			isa = PBXGroup;
			children = (
				378B43632BCFFF3700AD75CE /* Info.plist */,
				377404262BD15C8A00861342 /* App */,
				377404272BD15C9500861342 /* Controller */,
				377404282BD15C9A00861342 /* View */,
			);
			path = Bankey;
			sourceTree = "<group>";
		};
/* End PBXGroup section */

/* Begin PBXNativeTarget section */
		378B43512BCFFF3600AD75CE /* Bankey */ = {
			isa = PBXNativeTarget;
			buildConfigurationList = 378B43662BCFFF3700AD75CE /* Build configuration list for PBXNativeTarget "Bankey" */;
			buildPhases = (
				378B434E2BCFFF3600AD75CE /* Sources */,
				378B434F2BCFFF3600AD75CE /* Frameworks */,
				378B43502BCFFF3600AD75CE /* Resources */,
			);
			buildRules = (
			);
			dependencies = (
			);
			name = Bankey;
			packageProductDependencies = (
				377404242BD15BF400861342 /* SnapKit */,
			);
			productName = Bankey;
			productReference = 378B43522BCFFF3600AD75CE /* Bankey.app */;
			productType = "com.apple.product-type.application";
		};
/* End PBXNativeTarget section */

/* Begin PBXProject section */
		378B434A2BCFFF3600AD75CE /* Project object */ = {
			isa = PBXProject;
			attributes = {
				BuildIndependentTargetsInParallel = 1;
				LastSwiftUpdateCheck = 1520;
				LastUpgradeCheck = 1520;
				TargetAttributes = {
					378B43512BCFFF3600AD75CE = {
						CreatedOnToolsVersion = 15.2;
					};
				};
			};
			buildConfigurationList = 378B434D2BCFFF3600AD75CE /* Build configuration list for PBXProject "Bankey" */;
			compatibilityVersion = "Xcode 14.0";
			developmentRegion = en;
			hasScannedForEncodings = 0;
			knownRegions = (
				en,
				Base,
			);
			mainGroup = 378B43492BCFFF3600AD75CE;
			packageReferences = (
				377404232BD15BF400861342 /* XCRemoteSwiftPackageReference "SnapKit" */,
			);
			productRefGroup = 378B43532BCFFF3600AD75CE /* Products */;
			projectDirPath = "";
			projectRoot = "";
			targets = (
				378B43512BCFFF3600AD75CE /* Bankey */,
			);
		};
/* End PBXProject section */

/* Begin PBXResourcesBuildPhase section */
		378B43502BCFFF3600AD75CE /* Resources */ = {
			isa = PBXResourcesBuildPhase;
			buildActionMask = 2147483647;
			files = (
				378B43622BCFFF3700AD75CE /* LaunchScreen.storyboard in Resources */,
				378B435F2BCFFF3700AD75CE /* Assets.xcassets in Resources */,
			);
			runOnlyForDeploymentPostprocessing = 0;
		};
/* End PBXResourcesBuildPhase section */

/* Begin PBXSourcesBuildPhase section */
		378B434E2BCFFF3600AD75CE /* Sources */ = {
			isa = PBXSourcesBuildPhase;
			buildActionMask = 2147483647;
			files = (
				378B435A2BCFFF3600AD75CE /* LoginVC.swift in Sources */,
				378B43562BCFFF3600AD75CE /* AppDelegate.swift in Sources */,
				3774042D2BD15E2E00861342 /* LoginView.swift in Sources */,
				3765AEB12BD2AE2D00E9E4C2 /* MoveMoneyVC.swift in Sources */,
				3765AEAD2BD2AA6000E9E4C2 /* MainTabBarController.swift in Sources */,
				377404312BD179CA00861342 /* AccountSummaryVC.swift in Sources */,
				3765AEB72BD2C0D900E9E4C2 /* HeaderView.swift in Sources */,
				3765AEAF2BD2ADE200E9E4C2 /* MoreVC.swift in Sources */,
				378B43582BCFFF3600AD75CE /* SceneDelegate.swift in Sources */,
				3774042F2BD1794F00861342 /* WalkthroughVC.swift in Sources */,
			);
			runOnlyForDeploymentPostprocessing = 0;
		};
/* End PBXSourcesBuildPhase section */

/* Begin PBXVariantGroup section */
		378B43602BCFFF3700AD75CE /* LaunchScreen.storyboard */ = {
			isa = PBXVariantGroup;
			children = (
				378B43612BCFFF3700AD75CE /* Base */,
			);
			name = LaunchScreen.storyboard;
			sourceTree = "<group>";
		};
/* End PBXVariantGroup section */

/* Begin XCBuildConfiguration section */
		378B43642BCFFF3700AD75CE /* Debug */ = {
			isa = XCBuildConfiguration;
			buildSettings = {
				ALWAYS_SEARCH_USER_PATHS = NO;
				ASSETCATALOG_COMPILER_GENERATE_SWIFT_ASSET_SYMBOL_EXTENSIONS = YES;
				CLANG_ANALYZER_NONNULL = YES;
				CLANG_ANALYZER_NUMBER_OBJECT_CONVERSION = YES_AGGRESSIVE;
				CLANG_CXX_LANGUAGE_STANDARD = "gnu++20";
				CLANG_ENABLE_MODULES = YES;
				CLANG_ENABLE_OBJC_ARC = YES;
				CLANG_ENABLE_OBJC_WEAK = YES;
				CLANG_WARN_BLOCK_CAPTURE_AUTORELEASING = YES;
				CLANG_WARN_BOOL_CONVERSION = YES;
				CLANG_WARN_COMMA = YES;
				CLANG_WARN_CONSTANT_CONVERSION = YES;
				CLANG_WARN_DEPRECATED_OBJC_IMPLEMENTATIONS = YES;
				CLANG_WARN_DIRECT_OBJC_ISA_USAGE = YES_ERROR;
				CLANG_WARN_DOCUMENTATION_COMMENTS = YES;
				CLANG_WARN_EMPTY_BODY = YES;
				CLANG_WARN_ENUM_CONVERSION = YES;
				CLANG_WARN_INFINITE_RECURSION = YES;
				CLANG_WARN_INT_CONVERSION = YES;
				CLANG_WARN_NON_LITERAL_NULL_CONVERSION = YES;
				CLANG_WARN_OBJC_IMPLICIT_RETAIN_SELF = YES;
				CLANG_WARN_OBJC_LITERAL_CONVERSION = YES;
				CLANG_WARN_OBJC_ROOT_CLASS = YES_ERROR;
				CLANG_WARN_QUOTED_INCLUDE_IN_FRAMEWORK_HEADER = YES;
				CLANG_WARN_RANGE_LOOP_ANALYSIS = YES;
				CLANG_WARN_STRICT_PROTOTYPES = YES;
				CLANG_WARN_SUSPICIOUS_MOVE = YES;
				CLANG_WARN_UNGUARDED_AVAILABILITY = YES_AGGRESSIVE;
				CLANG_WARN_UNREACHABLE_CODE = YES;
				CLANG_WARN__DUPLICATE_METHOD_MATCH = YES;
				COPY_PHASE_STRIP = NO;
				DEBUG_INFORMATION_FORMAT = dwarf;
				ENABLE_STRICT_OBJC_MSGSEND = YES;
				ENABLE_TESTABILITY = YES;
				ENABLE_USER_SCRIPT_SANDBOXING = YES;
				GCC_C_LANGUAGE_STANDARD = gnu17;
				GCC_DYNAMIC_NO_PIC = NO;
				GCC_NO_COMMON_BLOCKS = YES;
				GCC_OPTIMIZATION_LEVEL = 0;
				GCC_PREPROCESSOR_DEFINITIONS = (
					"DEBUG=1",
					"$(inherited)",
				);
				GCC_WARN_64_TO_32_BIT_CONVERSION = YES;
				GCC_WARN_ABOUT_RETURN_TYPE = YES_ERROR;
				GCC_WARN_UNDECLARED_SELECTOR = YES;
				GCC_WARN_UNINITIALIZED_AUTOS = YES_AGGRESSIVE;
				GCC_WARN_UNUSED_FUNCTION = YES;
				GCC_WARN_UNUSED_VARIABLE = YES;
				IPHONEOS_DEPLOYMENT_TARGET = 17.2;
				LOCALIZATION_PREFERS_STRING_CATALOGS = YES;
				MTL_ENABLE_DEBUG_INFO = INCLUDE_SOURCE;
				MTL_FAST_MATH = YES;
				ONLY_ACTIVE_ARCH = YES;
				SDKROOT = iphoneos;
				SWIFT_ACTIVE_COMPILATION_CONDITIONS = "DEBUG $(inherited)";
				SWIFT_OPTIMIZATION_LEVEL = "-Onone";
			};
			name = Debug;
		};
		378B43652BCFFF3700AD75CE /* Release */ = {
			isa = XCBuildConfiguration;
			buildSettings = {
				ALWAYS_SEARCH_USER_PATHS = NO;
				ASSETCATALOG_COMPILER_GENERATE_SWIFT_ASSET_SYMBOL_EXTENSIONS = YES;
				CLANG_ANALYZER_NONNULL = YES;
				CLANG_ANALYZER_NUMBER_OBJECT_CONVERSION = YES_AGGRESSIVE;
				CLANG_CXX_LANGUAGE_STANDARD = "gnu++20";
				CLANG_ENABLE_MODULES = YES;
				CLANG_ENABLE_OBJC_ARC = YES;
				CLANG_ENABLE_OBJC_WEAK = YES;
				CLANG_WARN_BLOCK_CAPTURE_AUTORELEASING = YES;
				CLANG_WARN_BOOL_CONVERSION = YES;
				CLANG_WARN_COMMA = YES;
				CLANG_WARN_CONSTANT_CONVERSION = YES;
				CLANG_WARN_DEPRECATED_OBJC_IMPLEMENTATIONS = YES;
				CLANG_WARN_DIRECT_OBJC_ISA_USAGE = YES_ERROR;
				CLANG_WARN_DOCUMENTATION_COMMENTS = YES;
				CLANG_WARN_EMPTY_BODY = YES;
				CLANG_WARN_ENUM_CONVERSION = YES;
				CLANG_WARN_INFINITE_RECURSION = YES;
				CLANG_WARN_INT_CONVERSION = YES;
				CLANG_WARN_NON_LITERAL_NULL_CONVERSION = YES;
				CLANG_WARN_OBJC_IMPLICIT_RETAIN_SELF = YES;
				CLANG_WARN_OBJC_LITERAL_CONVERSION = YES;
				CLANG_WARN_OBJC_ROOT_CLASS = YES_ERROR;
				CLANG_WARN_QUOTED_INCLUDE_IN_FRAMEWORK_HEADER = YES;
				CLANG_WARN_RANGE_LOOP_ANALYSIS = YES;
				CLANG_WARN_STRICT_PROTOTYPES = YES;
				CLANG_WARN_SUSPICIOUS_MOVE = YES;
				CLANG_WARN_UNGUARDED_AVAILABILITY = YES_AGGRESSIVE;
				CLANG_WARN_UNREACHABLE_CODE = YES;
				CLANG_WARN__DUPLICATE_METHOD_MATCH = YES;
				COPY_PHASE_STRIP = NO;
				DEBUG_INFORMATION_FORMAT = "dwarf-with-dsym";
				ENABLE_NS_ASSERTIONS = NO;
				ENABLE_STRICT_OBJC_MSGSEND = YES;
				ENABLE_USER_SCRIPT_SANDBOXING = YES;
				GCC_C_LANGUAGE_STANDARD = gnu17;
				GCC_NO_COMMON_BLOCKS = YES;
				GCC_WARN_64_TO_32_BIT_CONVERSION = YES;
				GCC_WARN_ABOUT_RETURN_TYPE = YES_ERROR;
				GCC_WARN_UNDECLARED_SELECTOR = YES;
				GCC_WARN_UNINITIALIZED_AUTOS = YES_AGGRESSIVE;
				GCC_WARN_UNUSED_FUNCTION = YES;
				GCC_WARN_UNUSED_VARIABLE = YES;
				IPHONEOS_DEPLOYMENT_TARGET = 17.2;
				LOCALIZATION_PREFERS_STRING_CATALOGS = YES;
				MTL_ENABLE_DEBUG_INFO = NO;
				MTL_FAST_MATH = YES;
				SDKROOT = iphoneos;
				SWIFT_COMPILATION_MODE = wholemodule;
				VALIDATE_PRODUCT = YES;
			};
			name = Release;
		};
		378B43672BCFFF3700AD75CE /* Debug */ = {
			isa = XCBuildConfiguration;
			buildSettings = {
				ASSETCATALOG_COMPILER_APPICON_NAME = AppIcon;
				ASSETCATALOG_COMPILER_GLOBAL_ACCENT_COLOR_NAME = AccentColor;
				CODE_SIGN_STYLE = Automatic;
				CURRENT_PROJECT_VERSION = 1;
				DEVELOPMENT_TEAM = R5L72AD597;
				GENERATE_INFOPLIST_FILE = YES;
				INFOPLIST_FILE = Bankey/Info.plist;
				INFOPLIST_KEY_UIApplicationSupportsIndirectInputEvents = YES;
				INFOPLIST_KEY_UILaunchStoryboardName = LaunchScreen;
				INFOPLIST_KEY_UISupportedInterfaceOrientations_iPad = "UIInterfaceOrientationPortrait UIInterfaceOrientationPortraitUpsideDown UIInterfaceOrientationLandscapeLeft UIInterfaceOrientationLandscapeRight";
				INFOPLIST_KEY_UISupportedInterfaceOrientations_iPhone = "UIInterfaceOrientationPortrait UIInterfaceOrientationLandscapeLeft UIInterfaceOrientationLandscapeRight";
				LD_RUNPATH_SEARCH_PATHS = (
					"$(inherited)",
					"@executable_path/Frameworks",
				);
				MARKETING_VERSION = 1.0;
				PRODUCT_BUNDLE_IDENTIFIER = com.oliviergeiger.Bankey;
				PRODUCT_NAME = "$(TARGET_NAME)";
				SWIFT_EMIT_LOC_STRINGS = YES;
				SWIFT_VERSION = 5.0;
				TARGETED_DEVICE_FAMILY = "1,2";
			};
			name = Debug;
		};
		378B43682BCFFF3700AD75CE /* Release */ = {
			isa = XCBuildConfiguration;
			buildSettings = {
				ASSETCATALOG_COMPILER_APPICON_NAME = AppIcon;
				ASSETCATALOG_COMPILER_GLOBAL_ACCENT_COLOR_NAME = AccentColor;
				CODE_SIGN_STYLE = Automatic;
				CURRENT_PROJECT_VERSION = 1;
				DEVELOPMENT_TEAM = R5L72AD597;
				GENERATE_INFOPLIST_FILE = YES;
				INFOPLIST_FILE = Bankey/Info.plist;
				INFOPLIST_KEY_UIApplicationSupportsIndirectInputEvents = YES;
				INFOPLIST_KEY_UILaunchStoryboardName = LaunchScreen;
				INFOPLIST_KEY_UISupportedInterfaceOrientations_iPad = "UIInterfaceOrientationPortrait UIInterfaceOrientationPortraitUpsideDown UIInterfaceOrientationLandscapeLeft UIInterfaceOrientationLandscapeRight";
				INFOPLIST_KEY_UISupportedInterfaceOrientations_iPhone = "UIInterfaceOrientationPortrait UIInterfaceOrientationLandscapeLeft UIInterfaceOrientationLandscapeRight";
				LD_RUNPATH_SEARCH_PATHS = (
					"$(inherited)",
					"@executable_path/Frameworks",
				);
				MARKETING_VERSION = 1.0;
				PRODUCT_BUNDLE_IDENTIFIER = com.oliviergeiger.Bankey;
				PRODUCT_NAME = "$(TARGET_NAME)";
				SWIFT_EMIT_LOC_STRINGS = YES;
				SWIFT_VERSION = 5.0;
				TARGETED_DEVICE_FAMILY = "1,2";
			};
			name = Release;
		};
/* End XCBuildConfiguration section */

/* Begin XCConfigurationList section */
		378B434D2BCFFF3600AD75CE /* Build configuration list for PBXProject "Bankey" */ = {
			isa = XCConfigurationList;
			buildConfigurations = (
				378B43642BCFFF3700AD75CE /* Debug */,
				378B43652BCFFF3700AD75CE /* Release */,
			);
			defaultConfigurationIsVisible = 0;
			defaultConfigurationName = Release;
		};
		378B43662BCFFF3700AD75CE /* Build configuration list for PBXNativeTarget "Bankey" */ = {
			isa = XCConfigurationList;
			buildConfigurations = (
				378B43672BCFFF3700AD75CE /* Debug */,
				378B43682BCFFF3700AD75CE /* Release */,
			);
			defaultConfigurationIsVisible = 0;
			defaultConfigurationName = Release;
		};
/* End XCConfigurationList section */

/* Begin XCRemoteSwiftPackageReference section */
		377404232BD15BF400861342 /* XCRemoteSwiftPackageReference "SnapKit" */ = {
			isa = XCRemoteSwiftPackageReference;
			repositoryURL = "https://github.com/SnapKit/SnapKit.git";
			requirement = {
				kind = upToNextMajorVersion;
				minimumVersion = 5.7.1;
			};
		};
/* End XCRemoteSwiftPackageReference section */

/* Begin XCSwiftPackageProductDependency section */
		377404242BD15BF400861342 /* SnapKit */ = {
			isa = XCSwiftPackageProductDependency;
			package = 377404232BD15BF400861342 /* XCRemoteSwiftPackageReference "SnapKit" */;
			productName = SnapKit;
		};
/* End XCSwiftPackageProductDependency section */
	};
	rootObject = 378B434A2BCFFF3600AD75CE /* Project object */;
}
